
Microsoft Visual Studio Solution File, Format Version 12.00
Project("{FAE04EC0-301F-11D3-BF4B-00C04F79EFBC}") = "NetDeviceManager.Database", "NetDeviceManager.Database\NetDeviceManager.Database.csproj", "{64592F96-3A46-4F86-803F-BB5B87694F2D}"
EndProject
Project("{FAE04EC0-301F-11D3-BF4B-00C04F79EFBC}") = "NetDeviceManager.Lib.GlobalConstantsAndEnums", "NetDeviceManager.Lib.GlobalConstantsAndEnums\NetDeviceManager.Lib.GlobalConstantsAndEnums.csproj", "{5DA3D546-9DA6-4DFA-97C4-B5C48D02E0DC}"
EndProject
Project("{FAE04EC0-301F-11D3-BF4B-00C04F79EFBC}") = "NetDeviceManager.Web", "NetDeviceManager.Web\NetDeviceManager.Web.csproj", "{EEAE8980-73A0-45EA-9253-CF3A1F0BA2AD}"
EndProject
Project("{FAE04EC0-301F-11D3-BF4B-00C04F79EFBC}") = "NetDeviceManager.Api", "NetDeviceManager.Api\NetDeviceManager.Api.csproj", "{D17619EA-7CC8-43D5-A0D3-6E1241EF8867}"
EndProject
Project("{FAE04EC0-301F-11D3-BF4B-00C04F79EFBC}") = "NetDeviceManager.ScheduledSnmpAgent", "NetDeviceManager.ScheduledSnmpAgent\NetDeviceManager.ScheduledSnmpAgent.csproj", "{7481C1A1-C5B8-46B9-A445-7BBAD322DF66}"
EndProject
Project("{2150E333-8FDC-42A3-9474-1A3956D46DE8}") = "Docker", "Docker", "{B403E6BE-B55E-48D3-8CE5-C4203EE5747B}"
	ProjectSection(SolutionItems) = preProject
		docker-compose.yml = docker-compose.yml
	EndProjectSection
EndProject
Project("{FAE04EC0-301F-11D3-BF4B-00C04F79EFBC}") = "NetDeviceManager.Lib.Snmp", "NetDeviceManager.Lib.Snmp\NetDeviceManager.Lib.Snmp.csproj", "{E6286666-DE32-4449-9ADA-3C24135665E3}"
EndProject
Project("{FAE04EC0-301F-11D3-BF4B-00C04F79EFBC}") = "NetDeviceManager.DbTests", "NetDeviceManager.DbTests\NetDeviceManager.DbTests.csproj", "{3CBB2839-F6AF-4D5F-B2AE-2862F89589A4}"
EndProject
Project("{FAE04EC0-301F-11D3-BF4B-00C04F79EFBC}") = "NetDeviceManager.SyslogServer", "NetDeviceManager.SyslogServer\NetDeviceManager.SyslogServer.csproj", "{E06D9BB4-8352-4E1B-AB4F-6FB48A5F4F14}"
EndProject
Global
	GlobalSection(SolutionConfigurationPlatforms) = preSolution
		Debug|Any CPU = Debug|Any CPU
		Release|Any CPU = Release|Any CPU
	EndGlobalSection
	GlobalSection(ProjectConfigurationPlatforms) = postSolution
		{64592F96-3A46-4F86-803F-BB5B87694F2D}.Debug|Any CPU.ActiveCfg = Debug|Any CPU
		{64592F96-3A46-4F86-803F-BB5B87694F2D}.Debug|Any CPU.Build.0 = Debug|Any CPU
		{64592F96-3A46-4F86-803F-BB5B87694F2D}.Release|Any CPU.ActiveCfg = Release|Any CPU
		{64592F96-3A46-4F86-803F-BB5B87694F2D}.Release|Any CPU.Build.0 = Release|Any CPU
		{5DA3D546-9DA6-4DFA-97C4-B5C48D02E0DC}.Debug|Any CPU.ActiveCfg = Debug|Any CPU
		{5DA3D546-9DA6-4DFA-97C4-B5C48D02E0DC}.Debug|Any CPU.Build.0 = Debug|Any CPU
		{5DA3D546-9DA6-4DFA-97C4-B5C48D02E0DC}.Release|Any CPU.ActiveCfg = Release|Any CPU
		{5DA3D546-9DA6-4DFA-97C4-B5C48D02E0DC}.Release|Any CPU.Build.0 = Release|Any CPU
		{EEAE8980-73A0-45EA-9253-CF3A1F0BA2AD}.Debug|Any CPU.ActiveCfg = Debug|Any CPU
		{EEAE8980-73A0-45EA-9253-CF3A1F0BA2AD}.Debug|Any CPU.Build.0 = Debug|Any CPU
		{EEAE8980-73A0-45EA-9253-CF3A1F0BA2AD}.Release|Any CPU.ActiveCfg = Release|Any CPU
		{EEAE8980-73A0-45EA-9253-CF3A1F0BA2AD}.Release|Any CPU.Build.0 = Release|Any CPU
		{D17619EA-7CC8-43D5-A0D3-6E1241EF8867}.Debug|Any CPU.ActiveCfg = Debug|Any CPU
		{D17619EA-7CC8-43D5-A0D3-6E1241EF8867}.Debug|Any CPU.Build.0 = Debug|Any CPU
		{D17619EA-7CC8-43D5-A0D3-6E1241EF8867}.Release|Any CPU.ActiveCfg = Release|Any CPU
		{D17619EA-7CC8-43D5-A0D3-6E1241EF8867}.Release|Any CPU.Build.0 = Release|Any CPU
		{7481C1A1-C5B8-46B9-A445-7BBAD322DF66}.Debug|Any CPU.ActiveCfg = Debug|Any CPU
		{7481C1A1-C5B8-46B9-A445-7BBAD322DF66}.Debug|Any CPU.Build.0 = Debug|Any CPU
		{7481C1A1-C5B8-46B9-A445-7BBAD322DF66}.Release|Any CPU.ActiveCfg = Release|Any CPU
		{7481C1A1-C5B8-46B9-A445-7BBAD322DF66}.Release|Any CPU.Build.0 = Release|Any CPU
		{E6286666-DE32-4449-9ADA-3C24135665E3}.Debug|Any CPU.ActiveCfg = Debug|Any CPU
		{E6286666-DE32-4449-9ADA-3C24135665E3}.Debug|Any CPU.Build.0 = Debug|Any CPU
		{E6286666-DE32-4449-9ADA-3C24135665E3}.Release|Any CPU.ActiveCfg = Release|Any CPU
		{E6286666-DE32-4449-9ADA-3C24135665E3}.Release|Any CPU.Build.0 = Release|Any CPU
		{3CBB2839-F6AF-4D5F-B2AE-2862F89589A4}.Debug|Any CPU.ActiveCfg = Debug|Any CPU
		{3CBB2839-F6AF-4D5F-B2AE-2862F89589A4}.Debug|Any CPU.Build.0 = Debug|Any CPU
		{3CBB2839-F6AF-4D5F-B2AE-2862F89589A4}.Release|Any CPU.ActiveCfg = Release|Any CPU
		{3CBB2839-F6AF-4D5F-B2AE-2862F89589A4}.Release|Any CPU.Build.0 = Release|Any CPU
		{E06D9BB4-8352-4E1B-AB4F-6FB48A5F4F14}.Debug|Any CPU.ActiveCfg = Debug|Any CPU
		{E06D9BB4-8352-4E1B-AB4F-6FB48A5F4F14}.Debug|Any CPU.Build.0 = Debug|Any CPU
		{E06D9BB4-8352-4E1B-AB4F-6FB48A5F4F14}.Release|Any CPU.ActiveCfg = Release|Any CPU
		{E06D9BB4-8352-4E1B-AB4F-6FB48A5F4F14}.Release|Any CPU.Build.0 = Release|Any CPU
	EndGlobalSection
EndGlobal
